
Microsoft Visual Studio Solution File, Format Version 12.00
# Visual Studio Version 17
VisualStudioVersion = 17.1.32414.318
MinimumVisualStudioVersion = 10.0.40219.1
Project("{FAE04EC0-301F-11D3-BF4B-00C04F79EFBC}") = "PhotoMosaicV2", "PhotoMosaicV2.csproj", "{B26054F8-D5C8-4794-877C-4B5A6A41CECD}"
EndProject
Project("{FAE04EC0-301F-11D3-BF4B-00C04F79EFBC}") = "PhotoMosaicV2.Tests", "..\PhotoMosaicV2.Tests\PhotoMosaicV2.Tests.csproj", "{D3D62579-E606-4BC4-840D-5ECADE383211}"
EndProject
Global
	GlobalSection(SolutionConfigurationPlatforms) = preSolution
		Debug|Any CPU = Debug|Any CPU
		Release|Any CPU = Release|Any CPU
	EndGlobalSection
	GlobalSection(ProjectConfigurationPlatforms) = postSolution
		{B26054F8-D5C8-4794-877C-4B5A6A41CECD}.Debug|Any CPU.ActiveCfg = Debug|Any CPU
		{B26054F8-D5C8-4794-877C-4B5A6A41CECD}.Debug|Any CPU.Build.0 = Debug|Any CPU
		{B26054F8-D5C8-4794-877C-4B5A6A41CECD}.Release|Any CPU.ActiveCfg = Release|Any CPU
		{B26054F8-D5C8-4794-877C-4B5A6A41CECD}.Release|Any CPU.Build.0 = Release|Any CPU
		{D3D62579-E606-4BC4-840D-5ECADE383211}.Debug|Any CPU.ActiveCfg = Debug|Any CPU
		{D3D62579-E606-4BC4-840D-5ECADE383211}.Debug|Any CPU.Build.0 = Debug|Any CPU
		{D3D62579-E606-4BC4-840D-5ECADE383211}.Release|Any CPU.ActiveCfg = Release|Any CPU
		{D3D62579-E606-4BC4-840D-5ECADE383211}.Release|Any CPU.Build.0 = Release|Any CPU
	EndGlobalSection
	GlobalSection(SolutionProperties) = preSolution
		HideSolutionNode = FALSE
	EndGlobalSection
	GlobalSection(ExtensibilityGlobals) = postSolution
		SolutionGuid = {27D48999-382A-45BF-B382-271E835C30CF}
	EndGlobalSection
EndGlobal
